
Microsoft Visual Studio Solution File, Format Version 12.00
# Visual Studio Version 16
VisualStudioVersion = 16.0.30011.22
MinimumVisualStudioVersion = 10.0.40219.1
Project("{FAE04EC0-301F-11D3-BF4B-00C04F79EFBC}") = "HelloWorld.Android", "HelloWorld\HelloWorld.Android\HelloWorld.Android.csproj", "{865C6E08-D3E1-417B-93F6-5A453E5F81B6}"
EndProject
Project("{FAE04EC0-301F-11D3-BF4B-00C04F79EFBC}") = "HelloWorld.iOS", "HelloWorld\HelloWorld.iOS\HelloWorld.iOS.csproj", "{AD450D70-38C8-4309-A649-277C5C708B03}"
EndProject
Project("{FAE04EC0-301F-11D3-BF4B-00C04F79EFBC}") = "HelloWorld", "HelloWorld\HelloWorld\HelloWorld.csproj", "{FB5ED1CB-376C-41A4-9518-A5BC54FD3EEA}"
EndProject
Global
	GlobalSection(SolutionConfigurationPlatforms) = preSolution
		Debug|Any CPU = Debug|Any CPU
		Debug|iPhone = Debug|iPhone
		Debug|iPhoneSimulator = Debug|iPhoneSimulator
		Release|Any CPU = Release|Any CPU
		Release|iPhone = Release|iPhone
		Release|iPhoneSimulator = Release|iPhoneSimulator
	EndGlobalSection
	GlobalSection(ProjectConfigurationPlatforms) = postSolution
		{865C6E08-D3E1-417B-93F6-5A453E5F81B6}.Debug|Any CPU.ActiveCfg = Debug|Any CPU
		{865C6E08-D3E1-417B-93F6-5A453E5F81B6}.Debug|Any CPU.Build.0 = Debug|Any CPU
		{865C6E08-D3E1-417B-93F6-5A453E5F81B6}.Debug|Any CPU.Deploy.0 = Debug|Any CPU
		{865C6E08-D3E1-417B-93F6-5A453E5F81B6}.Debug|iPhone.ActiveCfg = Debug|Any CPU
		{865C6E08-D3E1-417B-93F6-5A453E5F81B6}.Debug|iPhone.Build.0 = Debug|Any CPU
		{865C6E08-D3E1-417B-93F6-5A453E5F81B6}.Debug|iPhone.Deploy.0 = Debug|Any CPU
		{865C6E08-D3E1-417B-93F6-5A453E5F81B6}.Debug|iPhoneSimulator.ActiveCfg = Debug|Any CPU
		{865C6E08-D3E1-417B-93F6-5A453E5F81B6}.Debug|iPhoneSimulator.Build.0 = Debug|Any CPU
		{865C6E08-D3E1-417B-93F6-5A453E5F81B6}.Debug|iPhoneSimulator.Deploy.0 = Debug|Any CPU
		{865C6E08-D3E1-417B-93F6-5A453E5F81B6}.Release|Any CPU.ActiveCfg = Release|Any CPU
		{865C6E08-D3E1-417B-93F6-5A453E5F81B6}.Release|Any CPU.Build.0 = Release|Any CPU
		{865C6E08-D3E1-417B-93F6-5A453E5F81B6}.Release|Any CPU.Deploy.0 = Release|Any CPU
		{865C6E08-D3E1-417B-93F6-5A453E5F81B6}.Release|iPhone.ActiveCfg = Release|Any CPU
		{865C6E08-D3E1-417B-93F6-5A453E5F81B6}.Release|iPhone.Build.0 = Release|Any CPU
		{865C6E08-D3E1-417B-93F6-5A453E5F81B6}.Release|iPhone.Deploy.0 = Release|Any CPU
		{865C6E08-D3E1-417B-93F6-5A453E5F81B6}.Release|iPhoneSimulator.ActiveCfg = Release|Any CPU
		{865C6E08-D3E1-417B-93F6-5A453E5F81B6}.Release|iPhoneSimulator.Build.0 = Release|Any CPU
		{865C6E08-D3E1-417B-93F6-5A453E5F81B6}.Release|iPhoneSimulator.Deploy.0 = Release|Any CPU
		{AD450D70-38C8-4309-A649-277C5C708B03}.Debug|Any CPU.ActiveCfg = Debug|iPhone
		{AD450D70-38C8-4309-A649-277C5C708B03}.Debug|Any CPU.Build.0 = Debug|iPhone
		{AD450D70-38C8-4309-A649-277C5C708B03}.Debug|Any CPU.Deploy.0 = Debug|iPhone
		{AD450D70-38C8-4309-A649-277C5C708B03}.Debug|iPhone.ActiveCfg = Debug|iPhone
		{AD450D70-38C8-4309-A649-277C5C708B03}.Debug|iPhone.Build.0 = Debug|iPhone
		{AD450D70-38C8-4309-A649-277C5C708B03}.Debug|iPhone.Deploy.0 = Debug|iPhone
		{AD450D70-38C8-4309-A649-277C5C708B03}.Debug|iPhoneSimulator.ActiveCfg = Debug|iPhoneSimulator
		{AD450D70-38C8-4309-A649-277C5C708B03}.Debug|iPhoneSimulator.Build.0 = Debug|iPhoneSimulator
		{AD450D70-38C8-4309-A649-277C5C708B03}.Debug|iPhoneSimulator.Deploy.0 = Debug|iPhoneSimulator
		{AD450D70-38C8-4309-A649-277C5C708B03}.Release|Any CPU.ActiveCfg = Release|iPhone
		{AD450D70-38C8-4309-A649-277C5C708B03}.Release|Any CPU.Build.0 = Release|iPhone
		{AD450D70-38C8-4309-A649-277C5C708B03}.Release|Any CPU.Deploy.0 = Release|iPhone
		{AD450D70-38C8-4309-A649-277C5C708B03}.Release|iPhone.ActiveCfg = Release|iPhone
		{AD450D70-38C8-4309-A649-277C5C708B03}.Release|iPhone.Build.0 = Release|iPhone
		{AD450D70-38C8-4309-A649-277C5C708B03}.Release|iPhone.Deploy.0 = Release|iPhone
		{AD450D70-38C8-4309-A649-277C5C708B03}.Release|iPhoneSimulator.ActiveCfg = Release|iPhoneSimulator
		{AD450D70-38C8-4309-A649-277C5C708B03}.Release|iPhoneSimulator.Build.0 = Release|iPhoneSimulator
		{AD450D70-38C8-4309-A649-277C5C708B03}.Release|iPhoneSimulator.Deploy.0 = Release|iPhoneSimulator
		{FB5ED1CB-376C-41A4-9518-A5BC54FD3EEA}.Debug|Any CPU.ActiveCfg = Debug|Any CPU
		{FB5ED1CB-376C-41A4-9518-A5BC54FD3EEA}.Debug|Any CPU.Build.0 = Debug|Any CPU
		{FB5ED1CB-376C-41A4-9518-A5BC54FD3EEA}.Debug|Any CPU.Deploy.0 = Debug|Any CPU
		{FB5ED1CB-376C-41A4-9518-A5BC54FD3EEA}.Debug|iPhone.ActiveCfg = Debug|Any CPU
		{FB5ED1CB-376C-41A4-9518-A5BC54FD3EEA}.Debug|iPhone.Build.0 = Debug|Any CPU
		{FB5ED1CB-376C-41A4-9518-A5BC54FD3EEA}.Debug|iPhone.Deploy.0 = Debug|Any CPU
		{FB5ED1CB-376C-41A4-9518-A5BC54FD3EEA}.Debug|iPhoneSimulator.ActiveCfg = Debug|Any CPU
		{FB5ED1CB-376C-41A4-9518-A5BC54FD3EEA}.Debug|iPhoneSimulator.Build.0 = Debug|Any CPU
		{FB5ED1CB-376C-41A4-9518-A5BC54FD3EEA}.Debug|iPhoneSimulator.Deploy.0 = Debug|Any CPU
		{FB5ED1CB-376C-41A4-9518-A5BC54FD3EEA}.Release|Any CPU.ActiveCfg = Release|Any CPU
		{FB5ED1CB-376C-41A4-9518-A5BC54FD3EEA}.Release|Any CPU.Build.0 = Release|Any CPU
		{FB5ED1CB-376C-41A4-9518-A5BC54FD3EEA}.Release|Any CPU.Deploy.0 = Release|Any CPU
		{FB5ED1CB-376C-41A4-9518-A5BC54FD3EEA}.Release|iPhone.ActiveCfg = Release|Any CPU
		{FB5ED1CB-376C-41A4-9518-A5BC54FD3EEA}.Release|iPhone.Build.0 = Release|Any CPU
		{FB5ED1CB-376C-41A4-9518-A5BC54FD3EEA}.Release|iPhone.Deploy.0 = Release|Any CPU
		{FB5ED1CB-376C-41A4-9518-A5BC54FD3EEA}.Release|iPhoneSimulator.ActiveCfg = Release|Any CPU
		{FB5ED1CB-376C-41A4-9518-A5BC54FD3EEA}.Release|iPhoneSimulator.Build.0 = Release|Any CPU
		{FB5ED1CB-376C-41A4-9518-A5BC54FD3EEA}.Release|iPhoneSimulator.Deploy.0 = Release|Any CPU
	EndGlobalSection
	GlobalSection(SolutionProperties) = preSolution
		HideSolutionNode = FALSE
	EndGlobalSection
	GlobalSection(ExtensibilityGlobals) = postSolution
		SolutionGuid = {B97D64FB-440E-4952-8C64-4F51AC0EE6A0}
	EndGlobalSection
EndGlobal
